dependencies:
- name: api-server
  repository: file://./api-server
  version: 0.1.0
- name: frontend
  repository: file://./frontend
  version: 0.1.0
- name: db
  repository: file://./db
  version: 0.1.0
digest: sha256:76bd942436042588a686c6c174b512434f945c2671e3fa4a31ef9d5816820254
generated: "2025-07-19T18:10:51.7568056+09:00"
