dependencies:
- name: api-server
  repository: file://./api-server
  version: 0.1.0
- name: frontend
  repository: file://./frontend
  version: 0.1.0
- name: device-server
  repository: file://./device-server
  version: 0.1.0
digest: sha256:2ae3c49bd26837c43a42edd077f1bbb679cdd849d98ffc7a668725b2ff401e67
generated: "2025-07-20T17:56:50.1785639+09:00"
