dependencies:
- name: api-server
  repository: file://./api-server
  version: 0.1.0
- name: frontend
  repository: file://./frontend
  version: 0.1.0
- name: device-server
  repository: file://./device-server
  version: 0.1.0
- name: curl-cronjob
  repository: file://./curl-cronjob
  version: 0.1.0
digest: sha256:75a64a4ced90fdd67d182095258027931397f1486b5694898b1eef94b6ff63d8
generated: "2025-08-01T21:25:23.9978592+09:00"
